
Microsoft Visual Studio Solution File, Format Version 12.00
# Visual Studio Version 16
VisualStudioVersion = 16.0.30621.155
MinimumVisualStudioVersion = 10.0.40219.1
Project("{FAE04EC0-301F-11D3-BF4B-00C04F79EFBC}") = "ClassBoxData", "01. Class Box Data\ClassBoxData.csproj", "{33A5D24C-50D0-4884-8B0F-DE3B718ED212}"
EndProject
Project("{9A19103F-16F7-4668-BE54-9A1E7A4F7556}") = "AnimalFarm", "AnimalFarm\AnimalFarm\AnimalFarm.csproj", "{01D975C2-4B90-43F3-8EE5-0AD2E0A3F426}"
EndProject
Project("{FAE04EC0-301F-11D3-BF4B-00C04F79EFBC}") = "ShoppingSpree", "ShoppingSpree\ShoppingSpree.csproj", "{3B54E1DE-29B6-45FE-9564-BD08540A0E75}"
EndProject
Project("{FAE04EC0-301F-11D3-BF4B-00C04F79EFBC}") = "PizzaCalories", "04. Pizza Calories\PizzaCalories.csproj", "{8A2B02CE-7878-4790-9B37-B48A28853815}"
EndProject
Project("{FAE04EC0-301F-11D3-BF4B-00C04F79EFBC}") = "FootballTeamGenerator", "05. Football Manager\FootballTeamGenerator.csproj", "{EF636F25-3750-4E97-A0CF-C944637AAAFC}"
EndProject
Global
	GlobalSection(SolutionConfigurationPlatforms) = preSolution
		Debug|Any CPU = Debug|Any CPU
		Release|Any CPU = Release|Any CPU
	EndGlobalSection
	GlobalSection(ProjectConfigurationPlatforms) = postSolution
		{33A5D24C-50D0-4884-8B0F-DE3B718ED212}.Debug|Any CPU.ActiveCfg = Debug|Any CPU
		{33A5D24C-50D0-4884-8B0F-DE3B718ED212}.Debug|Any CPU.Build.0 = Debug|Any CPU
		{33A5D24C-50D0-4884-8B0F-DE3B718ED212}.Release|Any CPU.ActiveCfg = Release|Any CPU
		{33A5D24C-50D0-4884-8B0F-DE3B718ED212}.Release|Any CPU.Build.0 = Release|Any CPU
		{01D975C2-4B90-43F3-8EE5-0AD2E0A3F426}.Debug|Any CPU.ActiveCfg = Debug|Any CPU
		{01D975C2-4B90-43F3-8EE5-0AD2E0A3F426}.Debug|Any CPU.Build.0 = Debug|Any CPU
		{01D975C2-4B90-43F3-8EE5-0AD2E0A3F426}.Release|Any CPU.ActiveCfg = Release|Any CPU
		{01D975C2-4B90-43F3-8EE5-0AD2E0A3F426}.Release|Any CPU.Build.0 = Release|Any CPU
		{3B54E1DE-29B6-45FE-9564-BD08540A0E75}.Debug|Any CPU.ActiveCfg = Debug|Any CPU
		{3B54E1DE-29B6-45FE-9564-BD08540A0E75}.Debug|Any CPU.Build.0 = Debug|Any CPU
		{3B54E1DE-29B6-45FE-9564-BD08540A0E75}.Release|Any CPU.ActiveCfg = Release|Any CPU
		{3B54E1DE-29B6-45FE-9564-BD08540A0E75}.Release|Any CPU.Build.0 = Release|Any CPU
		{8A2B02CE-7878-4790-9B37-B48A28853815}.Debug|Any CPU.ActiveCfg = Debug|Any CPU
		{8A2B02CE-7878-4790-9B37-B48A28853815}.Debug|Any CPU.Build.0 = Debug|Any CPU
		{8A2B02CE-7878-4790-9B37-B48A28853815}.Release|Any CPU.ActiveCfg = Release|Any CPU
		{8A2B02CE-7878-4790-9B37-B48A28853815}.Release|Any CPU.Build.0 = Release|Any CPU
		{EF636F25-3750-4E97-A0CF-C944637AAAFC}.Debug|Any CPU.ActiveCfg = Debug|Any CPU
		{EF636F25-3750-4E97-A0CF-C944637AAAFC}.Debug|Any CPU.Build.0 = Debug|Any CPU
		{EF636F25-3750-4E97-A0CF-C944637AAAFC}.Release|Any CPU.ActiveCfg = Release|Any CPU
		{EF636F25-3750-4E97-A0CF-C944637AAAFC}.Release|Any CPU.Build.0 = Release|Any CPU
	EndGlobalSection
	GlobalSection(SolutionProperties) = preSolution
		HideSolutionNode = FALSE
	EndGlobalSection
	GlobalSection(ExtensibilityGlobals) = postSolution
		SolutionGuid = {2087352C-6186-4B86-B18E-FB8AA7ED6117}
	EndGlobalSection
EndGlobal
