
Microsoft Visual Studio Solution File, Format Version 12.00
# Visual Studio Version 16
VisualStudioVersion = 16.0.30621.155
MinimumVisualStudioVersion = 10.0.40219.1
Project("{9A19103F-16F7-4668-BE54-9A1E7A4F7556}") = "Shapes", "01. Shapes\Shapes.csproj", "{8E030FE1-27AA-41D3-A06A-65A07FF99D82}"
EndProject
Project("{FAE04EC0-301F-11D3-BF4B-00C04F79EFBC}") = "Cars", "Cars\Cars.csproj", "{FB83EC59-1777-451F-A0F7-4D0E74253D6E}"
EndProject
Global
	GlobalSection(SolutionConfigurationPlatforms) = preSolution
		Debug|Any CPU = Debug|Any CPU
		Release|Any CPU = Release|Any CPU
	EndGlobalSection
	GlobalSection(ProjectConfigurationPlatforms) = postSolution
		{8E030FE1-27AA-41D3-A06A-65A07FF99D82}.Debug|Any CPU.ActiveCfg = Debug|Any CPU
		{8E030FE1-27AA-41D3-A06A-65A07FF99D82}.Debug|Any CPU.Build.0 = Debug|Any CPU
		{8E030FE1-27AA-41D3-A06A-65A07FF99D82}.Release|Any CPU.ActiveCfg = Release|Any CPU
		{8E030FE1-27AA-41D3-A06A-65A07FF99D82}.Release|Any CPU.Build.0 = Release|Any CPU
		{FB83EC59-1777-451F-A0F7-4D0E74253D6E}.Debug|Any CPU.ActiveCfg = Debug|Any CPU
		{FB83EC59-1777-451F-A0F7-4D0E74253D6E}.Debug|Any CPU.Build.0 = Debug|Any CPU
		{FB83EC59-1777-451F-A0F7-4D0E74253D6E}.Release|Any CPU.ActiveCfg = Release|Any CPU
		{FB83EC59-1777-451F-A0F7-4D0E74253D6E}.Release|Any CPU.Build.0 = Release|Any CPU
	EndGlobalSection
	GlobalSection(SolutionProperties) = preSolution
		HideSolutionNode = FALSE
	EndGlobalSection
	GlobalSection(ExtensibilityGlobals) = postSolution
		SolutionGuid = {7DEEB773-4757-4DDB-ABFB-0F643EFA16C3}
	EndGlobalSection
EndGlobal
