
Microsoft Visual Studio Solution File, Format Version 12.00
# Visual Studio Version 16
VisualStudioVersion = 16.0.30621.155
MinimumVisualStudioVersion = 10.0.40219.1
Project("{FAE04EC0-301F-11D3-BF4B-00C04F79EFBC}") = "01. Persons", "01. Persons\01. Persons.csproj", "{83E8A014-3532-4285-8861-CF35CB914D5E}"
EndProject
Project("{FAE04EC0-301F-11D3-BF4B-00C04F79EFBC}") = "02. Salary", "02. Salary\02. Salary.csproj", "{8C3D4FE7-5E4F-49A3-8712-A9580902C142}"
EndProject
Project("{FAE04EC0-301F-11D3-BF4B-00C04F79EFBC}") = "03. Validation of Data", "03. Validation of Data\03. Validation of Data.csproj", "{A64A4014-1AD6-4DAA-A529-B1BC204758DF}"
EndProject
Project("{FAE04EC0-301F-11D3-BF4B-00C04F79EFBC}") = "04. First and Reserve Team", "04. First and Reserve Team\04. First and Reserve Team.csproj", "{7D1C3539-BC31-44C7-B7DA-754255C09D7C}"
EndProject
Global
	GlobalSection(SolutionConfigurationPlatforms) = preSolution
		Debug|Any CPU = Debug|Any CPU
		Release|Any CPU = Release|Any CPU
	EndGlobalSection
	GlobalSection(ProjectConfigurationPlatforms) = postSolution
		{83E8A014-3532-4285-8861-CF35CB914D5E}.Debug|Any CPU.ActiveCfg = Debug|Any CPU
		{83E8A014-3532-4285-8861-CF35CB914D5E}.Debug|Any CPU.Build.0 = Debug|Any CPU
		{83E8A014-3532-4285-8861-CF35CB914D5E}.Release|Any CPU.ActiveCfg = Release|Any CPU
		{83E8A014-3532-4285-8861-CF35CB914D5E}.Release|Any CPU.Build.0 = Release|Any CPU
		{8C3D4FE7-5E4F-49A3-8712-A9580902C142}.Debug|Any CPU.ActiveCfg = Debug|Any CPU
		{8C3D4FE7-5E4F-49A3-8712-A9580902C142}.Debug|Any CPU.Build.0 = Debug|Any CPU
		{8C3D4FE7-5E4F-49A3-8712-A9580902C142}.Release|Any CPU.ActiveCfg = Release|Any CPU
		{8C3D4FE7-5E4F-49A3-8712-A9580902C142}.Release|Any CPU.Build.0 = Release|Any CPU
		{A64A4014-1AD6-4DAA-A529-B1BC204758DF}.Debug|Any CPU.ActiveCfg = Debug|Any CPU
		{A64A4014-1AD6-4DAA-A529-B1BC204758DF}.Debug|Any CPU.Build.0 = Debug|Any CPU
		{A64A4014-1AD6-4DAA-A529-B1BC204758DF}.Release|Any CPU.ActiveCfg = Release|Any CPU
		{A64A4014-1AD6-4DAA-A529-B1BC204758DF}.Release|Any CPU.Build.0 = Release|Any CPU
		{7D1C3539-BC31-44C7-B7DA-754255C09D7C}.Debug|Any CPU.ActiveCfg = Debug|Any CPU
		{7D1C3539-BC31-44C7-B7DA-754255C09D7C}.Debug|Any CPU.Build.0 = Debug|Any CPU
		{7D1C3539-BC31-44C7-B7DA-754255C09D7C}.Release|Any CPU.ActiveCfg = Release|Any CPU
		{7D1C3539-BC31-44C7-B7DA-754255C09D7C}.Release|Any CPU.Build.0 = Release|Any CPU
	EndGlobalSection
	GlobalSection(SolutionProperties) = preSolution
		HideSolutionNode = FALSE
	EndGlobalSection
	GlobalSection(ExtensibilityGlobals) = postSolution
		SolutionGuid = {C2DCDC91-C5BA-40F1-A57F-809DD872A01F}
	EndGlobalSection
EndGlobal
