
Microsoft Visual Studio Solution File, Format Version 12.00
# Visual Studio Version 16
VisualStudioVersion = 16.0.30621.155
MinimumVisualStudioVersion = 10.0.40219.1
Project("{9A19103F-16F7-4668-BE54-9A1E7A4F7556}") = "Vehicles", "01. Vehicles\Vehicles.csproj", "{59CA0D89-EEDF-4A96-8044-1352283D2297}"
EndProject
Project("{9A19103F-16F7-4668-BE54-9A1E7A4F7556}") = "VehiclesExtension", "VehiclesExtension\VehiclesExtension.csproj", "{EF72029A-440A-4A5F-BC94-E74738259024}"
EndProject
Project("{FAE04EC0-301F-11D3-BF4B-00C04F79EFBC}") = "Raiding", "Raiding\Raiding.csproj", "{AA6435D3-BF5B-47E2-82D5-D06DFB8F92A0}"
EndProject
Project("{FAE04EC0-301F-11D3-BF4B-00C04F79EFBC}") = "WildFarm", "WildFarm\WildFarm.csproj", "{BCC6C8FA-7E50-4808-8639-A52B8CCEA68F}"
EndProject
Global
	GlobalSection(SolutionConfigurationPlatforms) = preSolution
		Debug|Any CPU = Debug|Any CPU
		Release|Any CPU = Release|Any CPU
	EndGlobalSection
	GlobalSection(ProjectConfigurationPlatforms) = postSolution
		{59CA0D89-EEDF-4A96-8044-1352283D2297}.Debug|Any CPU.ActiveCfg = Debug|Any CPU
		{59CA0D89-EEDF-4A96-8044-1352283D2297}.Debug|Any CPU.Build.0 = Debug|Any CPU
		{59CA0D89-EEDF-4A96-8044-1352283D2297}.Release|Any CPU.ActiveCfg = Release|Any CPU
		{59CA0D89-EEDF-4A96-8044-1352283D2297}.Release|Any CPU.Build.0 = Release|Any CPU
		{EF72029A-440A-4A5F-BC94-E74738259024}.Debug|Any CPU.ActiveCfg = Debug|Any CPU
		{EF72029A-440A-4A5F-BC94-E74738259024}.Debug|Any CPU.Build.0 = Debug|Any CPU
		{EF72029A-440A-4A5F-BC94-E74738259024}.Release|Any CPU.ActiveCfg = Release|Any CPU
		{EF72029A-440A-4A5F-BC94-E74738259024}.Release|Any CPU.Build.0 = Release|Any CPU
		{AA6435D3-BF5B-47E2-82D5-D06DFB8F92A0}.Debug|Any CPU.ActiveCfg = Debug|Any CPU
		{AA6435D3-BF5B-47E2-82D5-D06DFB8F92A0}.Debug|Any CPU.Build.0 = Debug|Any CPU
		{AA6435D3-BF5B-47E2-82D5-D06DFB8F92A0}.Release|Any CPU.ActiveCfg = Release|Any CPU
		{AA6435D3-BF5B-47E2-82D5-D06DFB8F92A0}.Release|Any CPU.Build.0 = Release|Any CPU
		{BCC6C8FA-7E50-4808-8639-A52B8CCEA68F}.Debug|Any CPU.ActiveCfg = Debug|Any CPU
		{BCC6C8FA-7E50-4808-8639-A52B8CCEA68F}.Debug|Any CPU.Build.0 = Debug|Any CPU
		{BCC6C8FA-7E50-4808-8639-A52B8CCEA68F}.Release|Any CPU.ActiveCfg = Release|Any CPU
		{BCC6C8FA-7E50-4808-8639-A52B8CCEA68F}.Release|Any CPU.Build.0 = Release|Any CPU
	EndGlobalSection
	GlobalSection(SolutionProperties) = preSolution
		HideSolutionNode = FALSE
	EndGlobalSection
	GlobalSection(ExtensibilityGlobals) = postSolution
		SolutionGuid = {0B2F2B80-45A4-476A-8AD3-59C7B0E9B862}
	EndGlobalSection
EndGlobal
